
Microsoft Visual Studio Solution File, Format Version 12.00
# Visual Studio Version 17
VisualStudioVersion = 17.9.34728.123
MinimumVisualStudioVersion = 10.0.40219.1
Project("{FAE04EC0-301F-11D3-BF4B-00C04F79EFBC}") = "ManageHotel", "ManageHotel\ManageHotel.csproj", "{7253E874-F787-4190-BA21-6C0EF1AABD99}"
EndProject
Project("{FAE04EC0-301F-11D3-BF4B-00C04F79EFBC}") = "DinhQuocSangWPF", "DinhQuocSangWPF\DinhQuocSangWPF.csproj", "{50183AEC-C9B5-4FB7-8BE2-54F897DE45B6}"
EndProject
Global
	GlobalSection(SolutionConfigurationPlatforms) = preSolution
		Debug|Any CPU = Debug|Any CPU
		Release|Any CPU = Release|Any CPU
	EndGlobalSection
	GlobalSection(ProjectConfigurationPlatforms) = postSolution
		{7253E874-F787-4190-BA21-6C0EF1AABD99}.Debug|Any CPU.ActiveCfg = Debug|Any CPU
		{7253E874-F787-4190-BA21-6C0EF1AABD99}.Debug|Any CPU.Build.0 = Debug|Any CPU
		{7253E874-F787-4190-BA21-6C0EF1AABD99}.Release|Any CPU.ActiveCfg = Release|Any CPU
		{7253E874-F787-4190-BA21-6C0EF1AABD99}.Release|Any CPU.Build.0 = Release|Any CPU
		{50183AEC-C9B5-4FB7-8BE2-54F897DE45B6}.Debug|Any CPU.ActiveCfg = Debug|Any CPU
		{50183AEC-C9B5-4FB7-8BE2-54F897DE45B6}.Debug|Any CPU.Build.0 = Debug|Any CPU
		{50183AEC-C9B5-4FB7-8BE2-54F897DE45B6}.Release|Any CPU.ActiveCfg = Release|Any CPU
		{50183AEC-C9B5-4FB7-8BE2-54F897DE45B6}.Release|Any CPU.Build.0 = Release|Any CPU
	EndGlobalSection
	GlobalSection(SolutionProperties) = preSolution
		HideSolutionNode = FALSE
	EndGlobalSection
	GlobalSection(ExtensibilityGlobals) = postSolution
		SolutionGuid = {2304B9A2-F644-4D34-8E14-FE3949F3E664}
	EndGlobalSection
EndGlobal
